
Microsoft Visual Studio Solution File, Format Version 12.00
# Visual Studio 15
VisualStudioVersion = 15.0.26621.2
MinimumVisualStudioVersion = 10.0.40219.1
Project("{FAE04EC0-301F-11D3-BF4B-00C04F79EFBC}") = "WITranslate", "TranslateAPIForms\WITranslate.csproj", "{5D69C989-15A4-4E0A-81A2-5E23021B0690}"
EndProject
Global
	GlobalSection(SolutionConfigurationPlatforms) = preSolution
		Debug|Any CPU = Debug|Any CPU
		Release|Any CPU = Release|Any CPU
	EndGlobalSection
	GlobalSection(ProjectConfigurationPlatforms) = postSolution
		{5D69C989-15A4-4E0A-81A2-5E23021B0690}.Debug|Any CPU.ActiveCfg = Debug|Any CPU
		{5D69C989-15A4-4E0A-81A2-5E23021B0690}.Debug|Any CPU.Build.0 = Debug|Any CPU
		{5D69C989-15A4-4E0A-81A2-5E23021B0690}.Release|Any CPU.ActiveCfg = Release|Any CPU
		{5D69C989-15A4-4E0A-81A2-5E23021B0690}.Release|Any CPU.Build.0 = Release|Any CPU
	EndGlobalSection
	GlobalSection(SolutionProperties) = preSolution
		HideSolutionNode = FALSE
	EndGlobalSection
	GlobalSection(ExtensibilityGlobals) = postSolution
		SolutionGuid = {B0541B86-8606-4BD3-9A61-514417B6AC41}
	EndGlobalSection
EndGlobal
